{
  "originHash" : "9d8c5621af96f64be10081818286e0ac2ec6a6624f1f244899341c770ebd88b6",
  "pins" : [
    {
      "identity" : "footlessparser",
      "kind" : "remoteSourceControl",
      "location" : "https://github.com/kareman/FootlessParser",
      "state" : {
        "revision" : "11c7a366720a2cc62d13ee69c8bdb8372bb3bb2b",
        "version" : "0.5.2"
      }
    },
    {
      "identity" : "swiftsparql",
      "kind" : "remoteSourceControl",
      "location" : "https://github.com/banjun/SwiftSparql.git",
      "state" : {
        "revision" : "e8df844c6ce15dba392bc3c2bdfa32e1941ffdb6",
        "version" : "0.15.0"
      }
    }
  ],
  "version" : 3
}
